{
  "version": 4,
  "terraform_version": "1.5.7",
  "serial": 16,
  "lineage": "13f0d142-1d71-71f4-a7c3-101af79467ec",
  "outputs": {},
  "resources": [
    {
      "module": "module.my_vcn01",
      "mode": "managed",
      "type": "oci_core_virtual_network",
      "name": "vcn01",
      "provider": "provider[\"registry.terraform.io/hashicorp/oci\"]",
      "instances": [
        {
          "schema_version": 0,
          "attributes": {
            "byoipv6cidr_blocks": [],
            "byoipv6cidr_details": [],
            "cidr_block": "10.0.0.0/16",
            "cidr_blocks": [
              "10.0.0.0/16"
            ],
            "compartment_id": "ocid1.tenancy.oc1..aaaaaaaaq6t6sdtq3q5oxguxxyyvwgfsdowm6tfjfwnllmyodsiaiviuuknq",
            "default_dhcp_options_id": "ocid1.dhcpoptions.oc1.sa-saopaulo-1.aaaaaaaaymfjtbuwsa7a7cntnbauca3ssomarjnjge5epawztcg3fa4yvb6a",
            "default_route_table_id": "ocid1.routetable.oc1.sa-saopaulo-1.aaaaaaaaljveor74554v2iyxi5mioqyjlp2xfieyoolcw2ft2obrzuuoaugq",
            "default_security_list_id": "ocid1.securitylist.oc1.sa-saopaulo-1.aaaaaaaakvytgsaqgonqe2shfycovqjhhioyrbf3ysl3t4iffmjecpccxpfa",
            "defined_tags": {
              "Oracle-Tags.CreatedBy": "default/gabrielinf@hotmail.com",
              "Oracle-Tags.CreatedOn": "2026-01-04T17:52:36.986Z"
            },
            "display_name": "teste",
            "dns_label": "teste",
            "freeform_tags": {},
            "id": "ocid1.vcn.oc1.sa-saopaulo-1.amaaaaaa4m2zqkya335f36kcrnispfk67k53p62pfpw6kujf3u7iywnp2b4a",
            "ipv6cidr_blocks": [],
            "ipv6private_cidr_blocks": [],
            "is_ipv6enabled": false,
            "is_oracle_gua_allocation_enabled": null,
            "security_attributes": {},
            "state": "AVAILABLE",
            "time_created": "2026-01-04 17:52:37.04 +0000 UTC",
            "timeouts": null,
            "vcn_domain_name": "teste.oraclevcn.com"
          },
          "sensitive_attributes": [],
          "private": "eyJlMmJmYjczMC1lY2FhLTExZTYtOGY4OC0zNDM2M2JjN2M0YzAiOnsiY3JlYXRlIjoxMjAwMDAwMDAwMDAwLCJkZWxldGUiOjEyMDAwMDAwMDAwMDAsInVwZGF0ZSI6MTIwMDAwMDAwMDAwMH19"
        }
      ]
    },
    {
      "module": "module.my_vcn02",
      "mode": "managed",
      "type": "oci_core_virtual_network",
      "name": "vcn01",
      "provider": "provider[\"registry.terraform.io/hashicorp/oci\"]",
      "instances": [
        {
          "schema_version": 0,
          "attributes": {
            "byoipv6cidr_blocks": [],
            "byoipv6cidr_details": null,
            "cidr_block": "172.19.0.0/16",
            "cidr_blocks": [
              "172.19.0.0/16"
            ],
            "compartment_id": "ocid1.tenancy.oc1..aaaaaaaaq6t6sdtq3q5oxguxxyyvwgfsdowm6tfjfwnllmyodsiaiviuuknq",
            "default_dhcp_options_id": "ocid1.dhcpoptions.oc1.sa-saopaulo-1.aaaaaaaa54okr7e564tij5nd7fteqlvk3g5hfmjtla7bnarxomd2wag5d2jq",
            "default_route_table_id": "ocid1.routetable.oc1.sa-saopaulo-1.aaaaaaaaos5yzasunv2hthgrs7cbsmutm3how266luckoqetw4qyncxtg3mq",
            "default_security_list_id": "ocid1.securitylist.oc1.sa-saopaulo-1.aaaaaaaageemb4hp27hg63vzukgrj5q45xm6w3qhegg4rwj3w32wosu56qma",
            "defined_tags": {
              "Oracle-Tags.CreatedBy": "default/gabrielinf@hotmail.com",
              "Oracle-Tags.CreatedOn": "2026-01-04T18:02:25.845Z"
            },
            "display_name": "asd",
            "dns_label": "asd",
            "freeform_tags": {},
            "id": "ocid1.vcn.oc1.sa-saopaulo-1.amaaaaaa4m2zqkyawewq77ki5p4d4ijdhbhjxu6tgfgdlhxws7l72d45crxq",
            "ipv6cidr_blocks": [],
            "ipv6private_cidr_blocks": [],
            "is_ipv6enabled": false,
            "is_oracle_gua_allocation_enabled": null,
            "security_attributes": {},
            "state": "AVAILABLE",
            "time_created": "2026-01-04 18:02:25.882 +0000 UTC",
            "timeouts": null,
            "vcn_domain_name": "asd.oraclevcn.com"
          },
          "sensitive_attributes": [],
          "private": "eyJlMmJmYjczMC1lY2FhLTExZTYtOGY4OC0zNDM2M2JjN2M0YzAiOnsiY3JlYXRlIjoxMjAwMDAwMDAwMDAwLCJkZWxldGUiOjEyMDAwMDAwMDAwMDAsInVwZGF0ZSI6MTIwMDAwMDAwMDAwMH19"
        }
      ]
    }
  ],
  "check_results": null
}
